
Microsoft Visual Studio Solution File, Format Version 12.00
# Visual Studio 15
VisualStudioVersion = 15.0.27703.2042
MinimumVisualStudioVersion = 10.0.40219.1
Project("{FAE04EC0-301F-11D3-BF4B-00C04F79EFBC}") = "NewWordCount", "NewWordCount\NewWordCount.csproj", "{D8F5424B-814F-47BC-AFD2-E52EF1706F42}"
EndProject
Project("{FAE04EC0-301F-11D3-BF4B-00C04F79EFBC}") = "NewWordCountTest", "NewWordCountTest\NewWordCountTest.csproj", "{2E3DF5C2-8A38-4A03-86D7-8D463C917E47}"
EndProject
Global
	GlobalSection(SolutionConfigurationPlatforms) = preSolution
		Debug|Any CPU = Debug|Any CPU
		Release|Any CPU = Release|Any CPU
	EndGlobalSection
	GlobalSection(ProjectConfigurationPlatforms) = postSolution
		{D8F5424B-814F-47BC-AFD2-E52EF1706F42}.Debug|Any CPU.ActiveCfg = Debug|Any CPU
		{D8F5424B-814F-47BC-AFD2-E52EF1706F42}.Debug|Any CPU.Build.0 = Debug|Any CPU
		{D8F5424B-814F-47BC-AFD2-E52EF1706F42}.Release|Any CPU.ActiveCfg = Release|Any CPU
		{D8F5424B-814F-47BC-AFD2-E52EF1706F42}.Release|Any CPU.Build.0 = Release|Any CPU
		{2E3DF5C2-8A38-4A03-86D7-8D463C917E47}.Debug|Any CPU.ActiveCfg = Debug|Any CPU
		{2E3DF5C2-8A38-4A03-86D7-8D463C917E47}.Debug|Any CPU.Build.0 = Debug|Any CPU
		{2E3DF5C2-8A38-4A03-86D7-8D463C917E47}.Release|Any CPU.ActiveCfg = Release|Any CPU
		{2E3DF5C2-8A38-4A03-86D7-8D463C917E47}.Release|Any CPU.Build.0 = Release|Any CPU
	EndGlobalSection
	GlobalSection(SolutionProperties) = preSolution
		HideSolutionNode = FALSE
	EndGlobalSection
	GlobalSection(ExtensibilityGlobals) = postSolution
		SolutionGuid = {D2A83E55-C268-4274-8B2F-BE14EC7FCEB0}
	EndGlobalSection
EndGlobal
